{
  "version": 1,
  "dependencies": {
    "net10.0": {
      "docredock.core": {
        "type": "Project"
      },
      "docredock.formats.openxml": {
        "type": "Project",
        "dependencies": {
          "DocRedock.Core": "[0.1.4, )",
          "DocRedock.Providers.Abstractions": "[0.1.4, )"
        }
      },
      "docredock.formats.pdf": {
        "type": "Project",
        "dependencies": {
          "DocRedock.Core": "[0.1.4, )",
          "DocRedock.Providers.Abstractions": "[0.1.4, )"
        }
      },
      "docredock.markdown": {
        "type": "Project",
        "dependencies": {
          "DocRedock.Core": "[0.1.4, )",
          "DocRedock.Providers.Abstractions": "[0.1.4, )"
        }
      },
      "docredock.ocr.tesseract": {
        "type": "Project",
        "dependencies": {
          "DocRedock.Core": "[0.1.4, )",
          "DocRedock.Providers.Abstractions": "[0.1.4, )"
        }
      },
      "docredock.providers.abstractions": {
        "type": "Project",
        "dependencies": {
          "DocRedock.Core": "[0.1.4, )"
        }
      },
      "docredock.render": {
        "type": "Project",
        "dependencies": {
          "DocRedock.Core": "[0.1.4, )",
          "DocRedock.Markdown": "[0.1.4, )"
        }
      },
      "docredock.roundtrip": {
        "type": "Project",
        "dependencies": {
          "DocRedock.Core": "[0.1.4, )"
        }
      }
    }
  }
}