
Microsoft Visual Studio Solution File, Format Version 12.00
# Visual Studio Version 17
VisualStudioVersion = 17.0.31903.59
MinimumVisualStudioVersion = 10.0.40219.1
Project("{2150E333-8FDC-42A3-9474-1A3956D46DE8}") = "src", "src", "{827E0CD3-B72D-47B6-A68D-7590B98EB39B}"
EndProject
Project("{FAE04EC0-301F-11D3-BF4B-00C04F79EFBC}") = "DocRedock.Core", "src\DocRedock.Core\DocRedock.Core.csproj", "{BE08654B-26A2-4F75-86C0-937A600EE9FA}"
EndProject
Project("{FAE04EC0-301F-11D3-BF4B-00C04F79EFBC}") = "DocRedock.Providers.Abstractions", "src\DocRedock.Providers.Abstractions\DocRedock.Providers.Abstractions.csproj", "{4A8FF2A9-94DF-463B-BD7D-4879C3AE1713}"
EndProject
Project("{FAE04EC0-301F-11D3-BF4B-00C04F79EFBC}") = "DocRedock.Markdown", "src\DocRedock.Markdown\DocRedock.Markdown.csproj", "{3EE1C10D-F0AB-4E52-BF07-16C7BF7F24B4}"
EndProject
Project("{FAE04EC0-301F-11D3-BF4B-00C04F79EFBC}") = "DocRedock.RoundTrip", "src\DocRedock.RoundTrip\DocRedock.RoundTrip.csproj", "{9FCAA04A-F7E2-4B33-A89A-0C9975BBC5C8}"
EndProject
Project("{FAE04EC0-301F-11D3-BF4B-00C04F79EFBC}") = "DocRedock.Cli", "src\DocRedock.Cli\DocRedock.Cli.csproj", "{03D78644-E14D-4AA4-9E4B-C8214B5AF9CE}"
EndProject
Project("{2150E333-8FDC-42A3-9474-1A3956D46DE8}") = "tests", "tests", "{0AB3BF05-4346-4AA6-1389-037BE0695223}"
EndProject
Project("{FAE04EC0-301F-11D3-BF4B-00C04F79EFBC}") = "DocRedock.Tests", "tests\DocRedock.Tests\DocRedock.Tests.csproj", "{EDDBEF56-C18F-49E4-B498-EECD298BDAA9}"
EndProject
Project("{FAE04EC0-301F-11D3-BF4B-00C04F79EFBC}") = "DocRedock.Formats.OpenXml", "src\DocRedock.Formats.OpenXml\DocRedock.Formats.OpenXml.csproj", "{931D47C3-967A-4CCB-9190-05BA9A6DF615}"
EndProject
Project("{FAE04EC0-301F-11D3-BF4B-00C04F79EFBC}") = "DocRedock.Ocr.Tesseract", "src\DocRedock.Ocr.Tesseract\DocRedock.Ocr.Tesseract.csproj", "{360B29D4-D767-4F08-949E-D6CEE237C64B}"
EndProject
Project("{FAE04EC0-301F-11D3-BF4B-00C04F79EFBC}") = "DocRedock.Formats.Pdf", "src\DocRedock.Formats.Pdf\DocRedock.Formats.Pdf.csproj", "{7D86003E-9341-4905-B819-3ED1811C16C0}"
EndProject
Project("{FAE04EC0-301F-11D3-BF4B-00C04F79EFBC}") = "DocRedock.Render", "src\DocRedock.Render\DocRedock.Render.csproj", "{B2A9D8C9-8591-456D-8153-F57FC43199F8}"
EndProject
Project("{FAE04EC0-301F-11D3-BF4B-00C04F79EFBC}") = "DocRedock.Api", "src\DocRedock.Api\DocRedock.Api.csproj", "{000A003A-0DDC-4C00-86CA-DBF7DAE8A695}"
EndProject
Project("{FAE04EC0-301F-11D3-BF4B-00C04F79EFBC}") = "DocRedock.Worker", "src\DocRedock.Worker\DocRedock.Worker.csproj", "{844AFAC2-5CFF-4B52-A1F2-B9E8C22C0341}"
EndProject
Project("{FAE04EC0-301F-11D3-BF4B-00C04F79EFBC}") = "DocRedock.Gui", "src\DocRedock.Gui\DocRedock.Gui.csproj", "{36D8D1F9-1F9E-4A30-AB67-7820E9D9E362}"
EndProject
Global
	GlobalSection(SolutionConfigurationPlatforms) = preSolution
		Debug|Any CPU = Debug|Any CPU
		Debug|x64 = Debug|x64
		Debug|x86 = Debug|x86
		Release|Any CPU = Release|Any CPU
		Release|x64 = Release|x64
		Release|x86 = Release|x86
	EndGlobalSection
	GlobalSection(ProjectConfigurationPlatforms) = postSolution
		{BE08654B-26A2-4F75-86C0-937A600EE9FA}.Debug|Any CPU.ActiveCfg = Debug|Any CPU
		{BE08654B-26A2-4F75-86C0-937A600EE9FA}.Debug|Any CPU.Build.0 = Debug|Any CPU
		{BE08654B-26A2-4F75-86C0-937A600EE9FA}.Debug|x64.ActiveCfg = Debug|Any CPU
		{BE08654B-26A2-4F75-86C0-937A600EE9FA}.Debug|x64.Build.0 = Debug|Any CPU
		{BE08654B-26A2-4F75-86C0-937A600EE9FA}.Debug|x86.ActiveCfg = Debug|Any CPU
		{BE08654B-26A2-4F75-86C0-937A600EE9FA}.Debug|x86.Build.0 = Debug|Any CPU
		{BE08654B-26A2-4F75-86C0-937A600EE9FA}.Release|Any CPU.ActiveCfg = Release|Any CPU
		{BE08654B-26A2-4F75-86C0-937A600EE9FA}.Release|Any CPU.Build.0 = Release|Any CPU
		{BE08654B-26A2-4F75-86C0-937A600EE9FA}.Release|x64.ActiveCfg = Release|Any CPU
		{BE08654B-26A2-4F75-86C0-937A600EE9FA}.Release|x64.Build.0 = Release|Any CPU
		{BE08654B-26A2-4F75-86C0-937A600EE9FA}.Release|x86.ActiveCfg = Release|Any CPU
		{BE08654B-26A2-4F75-86C0-937A600EE9FA}.Release|x86.Build.0 = Release|Any CPU
		{4A8FF2A9-94DF-463B-BD7D-4879C3AE1713}.Debug|Any CPU.ActiveCfg = Debug|Any CPU
		{4A8FF2A9-94DF-463B-BD7D-4879C3AE1713}.Debug|Any CPU.Build.0 = Debug|Any CPU
		{4A8FF2A9-94DF-463B-BD7D-4879C3AE1713}.Debug|x64.ActiveCfg = Debug|Any CPU
		{4A8FF2A9-94DF-463B-BD7D-4879C3AE1713}.Debug|x64.Build.0 = Debug|Any CPU
		{4A8FF2A9-94DF-463B-BD7D-4879C3AE1713}.Debug|x86.ActiveCfg = Debug|Any CPU
		{4A8FF2A9-94DF-463B-BD7D-4879C3AE1713}.Debug|x86.Build.0 = Debug|Any CPU
		{4A8FF2A9-94DF-463B-BD7D-4879C3AE1713}.Release|Any CPU.ActiveCfg = Release|Any CPU
		{4A8FF2A9-94DF-463B-BD7D-4879C3AE1713}.Release|Any CPU.Build.0 = Release|Any CPU
		{4A8FF2A9-94DF-463B-BD7D-4879C3AE1713}.Release|x64.ActiveCfg = Release|Any CPU
		{4A8FF2A9-94DF-463B-BD7D-4879C3AE1713}.Release|x64.Build.0 = Release|Any CPU
		{4A8FF2A9-94DF-463B-BD7D-4879C3AE1713}.Release|x86.ActiveCfg = Release|Any CPU
		{4A8FF2A9-94DF-463B-BD7D-4879C3AE1713}.Release|x86.Build.0 = Release|Any CPU
		{3EE1C10D-F0AB-4E52-BF07-16C7BF7F24B4}.Debug|Any CPU.ActiveCfg = Debug|Any CPU
		{3EE1C10D-F0AB-4E52-BF07-16C7BF7F24B4}.Debug|Any CPU.Build.0 = Debug|Any CPU
		{3EE1C10D-F0AB-4E52-BF07-16C7BF7F24B4}.Debug|x64.ActiveCfg = Debug|Any CPU
		{3EE1C10D-F0AB-4E52-BF07-16C7BF7F24B4}.Debug|x64.Build.0 = Debug|Any CPU
		{3EE1C10D-F0AB-4E52-BF07-16C7BF7F24B4}.Debug|x86.ActiveCfg = Debug|Any CPU
		{3EE1C10D-F0AB-4E52-BF07-16C7BF7F24B4}.Debug|x86.Build.0 = Debug|Any CPU
		{3EE1C10D-F0AB-4E52-BF07-16C7BF7F24B4}.Release|Any CPU.ActiveCfg = Release|Any CPU
		{3EE1C10D-F0AB-4E52-BF07-16C7BF7F24B4}.Release|Any CPU.Build.0 = Release|Any CPU
		{3EE1C10D-F0AB-4E52-BF07-16C7BF7F24B4}.Release|x64.ActiveCfg = Release|Any CPU
		{3EE1C10D-F0AB-4E52-BF07-16C7BF7F24B4}.Release|x64.Build.0 = Release|Any CPU
		{3EE1C10D-F0AB-4E52-BF07-16C7BF7F24B4}.Release|x86.ActiveCfg = Release|Any CPU
		{3EE1C10D-F0AB-4E52-BF07-16C7BF7F24B4}.Release|x86.Build.0 = Release|Any CPU
		{9FCAA04A-F7E2-4B33-A89A-0C9975BBC5C8}.Debug|Any CPU.ActiveCfg = Debug|Any CPU
		{9FCAA04A-F7E2-4B33-A89A-0C9975BBC5C8}.Debug|Any CPU.Build.0 = Debug|Any CPU
		{9FCAA04A-F7E2-4B33-A89A-0C9975BBC5C8}.Debug|x64.ActiveCfg = Debug|Any CPU
		{9FCAA04A-F7E2-4B33-A89A-0C9975BBC5C8}.Debug|x64.Build.0 = Debug|Any CPU
		{9FCAA04A-F7E2-4B33-A89A-0C9975BBC5C8}.Debug|x86.ActiveCfg = Debug|Any CPU
		{9FCAA04A-F7E2-4B33-A89A-0C9975BBC5C8}.Debug|x86.Build.0 = Debug|Any CPU
		{9FCAA04A-F7E2-4B33-A89A-0C9975BBC5C8}.Release|Any CPU.ActiveCfg = Release|Any CPU
		{9FCAA04A-F7E2-4B33-A89A-0C9975BBC5C8}.Release|Any CPU.Build.0 = Release|Any CPU
		{9FCAA04A-F7E2-4B33-A89A-0C9975BBC5C8}.Release|x64.ActiveCfg = Release|Any CPU
		{9FCAA04A-F7E2-4B33-A89A-0C9975BBC5C8}.Release|x64.Build.0 = Release|Any CPU
		{9FCAA04A-F7E2-4B33-A89A-0C9975BBC5C8}.Release|x86.ActiveCfg = Release|Any CPU
		{9FCAA04A-F7E2-4B33-A89A-0C9975BBC5C8}.Release|x86.Build.0 = Release|Any CPU
		{03D78644-E14D-4AA4-9E4B-C8214B5AF9CE}.Debug|Any CPU.ActiveCfg = Debug|Any CPU
		{03D78644-E14D-4AA4-9E4B-C8214B5AF9CE}.Debug|Any CPU.Build.0 = Debug|Any CPU
		{03D78644-E14D-4AA4-9E4B-C8214B5AF9CE}.Debug|x64.ActiveCfg = Debug|Any CPU
		{03D78644-E14D-4AA4-9E4B-C8214B5AF9CE}.Debug|x64.Build.0 = Debug|Any CPU
		{03D78644-E14D-4AA4-9E4B-C8214B5AF9CE}.Debug|x86.ActiveCfg = Debug|Any CPU
		{03D78644-E14D-4AA4-9E4B-C8214B5AF9CE}.Debug|x86.Build.0 = Debug|Any CPU
		{03D78644-E14D-4AA4-9E4B-C8214B5AF9CE}.Release|Any CPU.ActiveCfg = Release|Any CPU
		{03D78644-E14D-4AA4-9E4B-C8214B5AF9CE}.Release|Any CPU.Build.0 = Release|Any CPU
		{03D78644-E14D-4AA4-9E4B-C8214B5AF9CE}.Release|x64.ActiveCfg = Release|Any CPU
		{03D78644-E14D-4AA4-9E4B-C8214B5AF9CE}.Release|x64.Build.0 = Release|Any CPU
		{03D78644-E14D-4AA4-9E4B-C8214B5AF9CE}.Release|x86.ActiveCfg = Release|Any CPU
		{03D78644-E14D-4AA4-9E4B-C8214B5AF9CE}.Release|x86.Build.0 = Release|Any CPU
		{EDDBEF56-C18F-49E4-B498-EECD298BDAA9}.Debug|Any CPU.ActiveCfg = Debug|Any CPU
		{EDDBEF56-C18F-49E4-B498-EECD298BDAA9}.Debug|Any CPU.Build.0 = Debug|Any CPU
		{EDDBEF56-C18F-49E4-B498-EECD298BDAA9}.Debug|x64.ActiveCfg = Debug|Any CPU
		{EDDBEF56-C18F-49E4-B498-EECD298BDAA9}.Debug|x64.Build.0 = Debug|Any CPU
		{EDDBEF56-C18F-49E4-B498-EECD298BDAA9}.Debug|x86.ActiveCfg = Debug|Any CPU
		{EDDBEF56-C18F-49E4-B498-EECD298BDAA9}.Debug|x86.Build.0 = Debug|Any CPU
		{EDDBEF56-C18F-49E4-B498-EECD298BDAA9}.Release|Any CPU.ActiveCfg = Release|Any CPU
		{EDDBEF56-C18F-49E4-B498-EECD298BDAA9}.Release|Any CPU.Build.0 = Release|Any CPU
		{EDDBEF56-C18F-49E4-B498-EECD298BDAA9}.Release|x64.ActiveCfg = Release|Any CPU
		{EDDBEF56-C18F-49E4-B498-EECD298BDAA9}.Release|x64.Build.0 = Release|Any CPU
		{EDDBEF56-C18F-49E4-B498-EECD298BDAA9}.Release|x86.ActiveCfg = Release|Any CPU
		{EDDBEF56-C18F-49E4-B498-EECD298BDAA9}.Release|x86.Build.0 = Release|Any CPU
		{931D47C3-967A-4CCB-9190-05BA9A6DF615}.Debug|Any CPU.ActiveCfg = Debug|Any CPU
		{931D47C3-967A-4CCB-9190-05BA9A6DF615}.Debug|Any CPU.Build.0 = Debug|Any CPU
		{931D47C3-967A-4CCB-9190-05BA9A6DF615}.Debug|x64.ActiveCfg = Debug|Any CPU
		{931D47C3-967A-4CCB-9190-05BA9A6DF615}.Debug|x64.Build.0 = Debug|Any CPU
		{931D47C3-967A-4CCB-9190-05BA9A6DF615}.Debug|x86.ActiveCfg = Debug|Any CPU
		{931D47C3-967A-4CCB-9190-05BA9A6DF615}.Debug|x86.Build.0 = Debug|Any CPU
		{931D47C3-967A-4CCB-9190-05BA9A6DF615}.Release|Any CPU.ActiveCfg = Release|Any CPU
		{931D47C3-967A-4CCB-9190-05BA9A6DF615}.Release|Any CPU.Build.0 = Release|Any CPU
		{931D47C3-967A-4CCB-9190-05BA9A6DF615}.Release|x64.ActiveCfg = Release|Any CPU
		{931D47C3-967A-4CCB-9190-05BA9A6DF615}.Release|x64.Build.0 = Release|Any CPU
		{931D47C3-967A-4CCB-9190-05BA9A6DF615}.Release|x86.ActiveCfg = Release|Any CPU
		{931D47C3-967A-4CCB-9190-05BA9A6DF615}.Release|x86.Build.0 = Release|Any CPU
		{360B29D4-D767-4F08-949E-D6CEE237C64B}.Debug|Any CPU.ActiveCfg = Debug|Any CPU
		{360B29D4-D767-4F08-949E-D6CEE237C64B}.Debug|Any CPU.Build.0 = Debug|Any CPU
		{360B29D4-D767-4F08-949E-D6CEE237C64B}.Debug|x64.ActiveCfg = Debug|Any CPU
		{360B29D4-D767-4F08-949E-D6CEE237C64B}.Debug|x64.Build.0 = Debug|Any CPU
		{360B29D4-D767-4F08-949E-D6CEE237C64B}.Debug|x86.ActiveCfg = Debug|Any CPU
		{360B29D4-D767-4F08-949E-D6CEE237C64B}.Debug|x86.Build.0 = Debug|Any CPU
		{360B29D4-D767-4F08-949E-D6CEE237C64B}.Release|Any CPU.ActiveCfg = Release|Any CPU
		{360B29D4-D767-4F08-949E-D6CEE237C64B}.Release|Any CPU.Build.0 = Release|Any CPU
		{360B29D4-D767-4F08-949E-D6CEE237C64B}.Release|x64.ActiveCfg = Release|Any CPU
		{360B29D4-D767-4F08-949E-D6CEE237C64B}.Release|x64.Build.0 = Release|Any CPU
		{360B29D4-D767-4F08-949E-D6CEE237C64B}.Release|x86.ActiveCfg = Release|Any CPU
		{360B29D4-D767-4F08-949E-D6CEE237C64B}.Release|x86.Build.0 = Release|Any CPU
		{7D86003E-9341-4905-B819-3ED1811C16C0}.Debug|Any CPU.ActiveCfg = Debug|Any CPU
		{7D86003E-9341-4905-B819-3ED1811C16C0}.Debug|Any CPU.Build.0 = Debug|Any CPU
		{7D86003E-9341-4905-B819-3ED1811C16C0}.Debug|x64.ActiveCfg = Debug|Any CPU
		{7D86003E-9341-4905-B819-3ED1811C16C0}.Debug|x64.Build.0 = Debug|Any CPU
		{7D86003E-9341-4905-B819-3ED1811C16C0}.Debug|x86.ActiveCfg = Debug|Any CPU
		{7D86003E-9341-4905-B819-3ED1811C16C0}.Debug|x86.Build.0 = Debug|Any CPU
		{7D86003E-9341-4905-B819-3ED1811C16C0}.Release|Any CPU.ActiveCfg = Release|Any CPU
		{7D86003E-9341-4905-B819-3ED1811C16C0}.Release|Any CPU.Build.0 = Release|Any CPU
		{7D86003E-9341-4905-B819-3ED1811C16C0}.Release|x64.ActiveCfg = Release|Any CPU
		{7D86003E-9341-4905-B819-3ED1811C16C0}.Release|x64.Build.0 = Release|Any CPU
		{7D86003E-9341-4905-B819-3ED1811C16C0}.Release|x86.ActiveCfg = Release|Any CPU
		{7D86003E-9341-4905-B819-3ED1811C16C0}.Release|x86.Build.0 = Release|Any CPU
		{B2A9D8C9-8591-456D-8153-F57FC43199F8}.Debug|Any CPU.ActiveCfg = Debug|Any CPU
		{B2A9D8C9-8591-456D-8153-F57FC43199F8}.Debug|Any CPU.Build.0 = Debug|Any CPU
		{B2A9D8C9-8591-456D-8153-F57FC43199F8}.Debug|x64.ActiveCfg = Debug|Any CPU
		{B2A9D8C9-8591-456D-8153-F57FC43199F8}.Debug|x64.Build.0 = Debug|Any CPU
		{B2A9D8C9-8591-456D-8153-F57FC43199F8}.Debug|x86.ActiveCfg = Debug|Any CPU
		{B2A9D8C9-8591-456D-8153-F57FC43199F8}.Debug|x86.Build.0 = Debug|Any CPU
		{B2A9D8C9-8591-456D-8153-F57FC43199F8}.Release|Any CPU.ActiveCfg = Release|Any CPU
		{B2A9D8C9-8591-456D-8153-F57FC43199F8}.Release|Any CPU.Build.0 = Release|Any CPU
		{B2A9D8C9-8591-456D-8153-F57FC43199F8}.Release|x64.ActiveCfg = Release|Any CPU
		{B2A9D8C9-8591-456D-8153-F57FC43199F8}.Release|x64.Build.0 = Release|Any CPU
		{B2A9D8C9-8591-456D-8153-F57FC43199F8}.Release|x86.ActiveCfg = Release|Any CPU
		{B2A9D8C9-8591-456D-8153-F57FC43199F8}.Release|x86.Build.0 = Release|Any CPU
		{000A003A-0DDC-4C00-86CA-DBF7DAE8A695}.Debug|Any CPU.ActiveCfg = Debug|Any CPU
		{000A003A-0DDC-4C00-86CA-DBF7DAE8A695}.Debug|Any CPU.Build.0 = Debug|Any CPU
		{000A003A-0DDC-4C00-86CA-DBF7DAE8A695}.Debug|x64.ActiveCfg = Debug|Any CPU
		{000A003A-0DDC-4C00-86CA-DBF7DAE8A695}.Debug|x64.Build.0 = Debug|Any CPU
		{000A003A-0DDC-4C00-86CA-DBF7DAE8A695}.Debug|x86.ActiveCfg = Debug|Any CPU
		{000A003A-0DDC-4C00-86CA-DBF7DAE8A695}.Debug|x86.Build.0 = Debug|Any CPU
		{000A003A-0DDC-4C00-86CA-DBF7DAE8A695}.Release|Any CPU.ActiveCfg = Release|Any CPU
		{000A003A-0DDC-4C00-86CA-DBF7DAE8A695}.Release|Any CPU.Build.0 = Release|Any CPU
		{000A003A-0DDC-4C00-86CA-DBF7DAE8A695}.Release|x64.ActiveCfg = Release|Any CPU
		{000A003A-0DDC-4C00-86CA-DBF7DAE8A695}.Release|x64.Build.0 = Release|Any CPU
		{000A003A-0DDC-4C00-86CA-DBF7DAE8A695}.Release|x86.ActiveCfg = Release|Any CPU
		{000A003A-0DDC-4C00-86CA-DBF7DAE8A695}.Release|x86.Build.0 = Release|Any CPU
		{844AFAC2-5CFF-4B52-A1F2-B9E8C22C0341}.Debug|Any CPU.ActiveCfg = Debug|Any CPU
		{844AFAC2-5CFF-4B52-A1F2-B9E8C22C0341}.Debug|Any CPU.Build.0 = Debug|Any CPU
		{844AFAC2-5CFF-4B52-A1F2-B9E8C22C0341}.Debug|x64.ActiveCfg = Debug|Any CPU
		{844AFAC2-5CFF-4B52-A1F2-B9E8C22C0341}.Debug|x64.Build.0 = Debug|Any CPU
		{844AFAC2-5CFF-4B52-A1F2-B9E8C22C0341}.Debug|x86.ActiveCfg = Debug|Any CPU
		{844AFAC2-5CFF-4B52-A1F2-B9E8C22C0341}.Debug|x86.Build.0 = Debug|Any CPU
		{844AFAC2-5CFF-4B52-A1F2-B9E8C22C0341}.Release|Any CPU.ActiveCfg = Release|Any CPU
		{844AFAC2-5CFF-4B52-A1F2-B9E8C22C0341}.Release|Any CPU.Build.0 = Release|Any CPU
		{844AFAC2-5CFF-4B52-A1F2-B9E8C22C0341}.Release|x64.ActiveCfg = Release|Any CPU
		{844AFAC2-5CFF-4B52-A1F2-B9E8C22C0341}.Release|x64.Build.0 = Release|Any CPU
		{844AFAC2-5CFF-4B52-A1F2-B9E8C22C0341}.Release|x86.ActiveCfg = Release|Any CPU
		{844AFAC2-5CFF-4B52-A1F2-B9E8C22C0341}.Release|x86.Build.0 = Release|Any CPU
		{36D8D1F9-1F9E-4A30-AB67-7820E9D9E362}.Debug|Any CPU.ActiveCfg = Debug|Any CPU
		{36D8D1F9-1F9E-4A30-AB67-7820E9D9E362}.Debug|Any CPU.Build.0 = Debug|Any CPU
		{36D8D1F9-1F9E-4A30-AB67-7820E9D9E362}.Debug|x64.ActiveCfg = Debug|Any CPU
		{36D8D1F9-1F9E-4A30-AB67-7820E9D9E362}.Debug|x64.Build.0 = Debug|Any CPU
		{36D8D1F9-1F9E-4A30-AB67-7820E9D9E362}.Debug|x86.ActiveCfg = Debug|Any CPU
		{36D8D1F9-1F9E-4A30-AB67-7820E9D9E362}.Debug|x86.Build.0 = Debug|Any CPU
		{36D8D1F9-1F9E-4A30-AB67-7820E9D9E362}.Release|Any CPU.ActiveCfg = Release|Any CPU
		{36D8D1F9-1F9E-4A30-AB67-7820E9D9E362}.Release|Any CPU.Build.0 = Release|Any CPU
		{36D8D1F9-1F9E-4A30-AB67-7820E9D9E362}.Release|x64.ActiveCfg = Release|Any CPU
		{36D8D1F9-1F9E-4A30-AB67-7820E9D9E362}.Release|x64.Build.0 = Release|Any CPU
		{36D8D1F9-1F9E-4A30-AB67-7820E9D9E362}.Release|x86.ActiveCfg = Release|Any CPU
		{36D8D1F9-1F9E-4A30-AB67-7820E9D9E362}.Release|x86.Build.0 = Release|Any CPU
	EndGlobalSection
	GlobalSection(SolutionProperties) = preSolution
		HideSolutionNode = FALSE
	EndGlobalSection
	GlobalSection(NestedProjects) = preSolution
		{BE08654B-26A2-4F75-86C0-937A600EE9FA} = {827E0CD3-B72D-47B6-A68D-7590B98EB39B}
		{4A8FF2A9-94DF-463B-BD7D-4879C3AE1713} = {827E0CD3-B72D-47B6-A68D-7590B98EB39B}
		{3EE1C10D-F0AB-4E52-BF07-16C7BF7F24B4} = {827E0CD3-B72D-47B6-A68D-7590B98EB39B}
		{9FCAA04A-F7E2-4B33-A89A-0C9975BBC5C8} = {827E0CD3-B72D-47B6-A68D-7590B98EB39B}
		{03D78644-E14D-4AA4-9E4B-C8214B5AF9CE} = {827E0CD3-B72D-47B6-A68D-7590B98EB39B}
		{EDDBEF56-C18F-49E4-B498-EECD298BDAA9} = {0AB3BF05-4346-4AA6-1389-037BE0695223}
		{931D47C3-967A-4CCB-9190-05BA9A6DF615} = {827E0CD3-B72D-47B6-A68D-7590B98EB39B}
		{360B29D4-D767-4F08-949E-D6CEE237C64B} = {827E0CD3-B72D-47B6-A68D-7590B98EB39B}
		{7D86003E-9341-4905-B819-3ED1811C16C0} = {827E0CD3-B72D-47B6-A68D-7590B98EB39B}
		{B2A9D8C9-8591-456D-8153-F57FC43199F8} = {827E0CD3-B72D-47B6-A68D-7590B98EB39B}
		{000A003A-0DDC-4C00-86CA-DBF7DAE8A695} = {827E0CD3-B72D-47B6-A68D-7590B98EB39B}
		{844AFAC2-5CFF-4B52-A1F2-B9E8C22C0341} = {827E0CD3-B72D-47B6-A68D-7590B98EB39B}
		{36D8D1F9-1F9E-4A30-AB67-7820E9D9E362} = {827E0CD3-B72D-47B6-A68D-7590B98EB39B}
	EndGlobalSection
EndGlobal
