{
  "version": 1,
  "dependencies": {
    "net10.0": {
      "docredock.core": {
        "type": "Project"
      },
      "docredock.formats.openxml": {
        "type": "Project",
        "dependencies": {
          "DocRedock.Core": "[0.2.6, )",
          "DocRedock.Providers.Abstractions": "[0.2.6, )",
          "DocRedock.VisualInference": "[0.2.6, )"
        }
      },
      "docredock.formats.pdf": {
        "type": "Project",
        "dependencies": {
          "DocRedock.Core": "[0.2.6, )",
          "DocRedock.Providers.Abstractions": "[0.2.6, )",
          "DocRedock.VisualInference": "[0.2.6, )"
        }
      },
      "docredock.ocr.tesseract": {
        "type": "Project",
        "dependencies": {
          "DocRedock.Core": "[0.2.6, )",
          "DocRedock.Providers.Abstractions": "[0.2.6, )"
        }
      },
      "docredock.providers.abstractions": {
        "type": "Project",
        "dependencies": {
          "DocRedock.Core": "[0.2.6, )"
        }
      },
      "docredock.visualinference": {
        "type": "Project",
        "dependencies": {
          "DocRedock.Core": "[0.2.6, )"
        }
      }
    }
  }
}