{
  "version": 1,
  "dependencies": {
    "net10.0": {
      "rtmd.core": {
        "type": "Project"
      },
      "rtmd.formats.openxml": {
        "type": "Project",
        "dependencies": {
          "Rtmd.Core": "[1.0.0, )",
          "Rtmd.Providers.Abstractions": "[1.0.0, )"
        }
      },
      "rtmd.formats.pdf": {
        "type": "Project",
        "dependencies": {
          "Rtmd.Core": "[1.0.0, )",
          "Rtmd.Providers.Abstractions": "[1.0.0, )"
        }
      },
      "rtmd.ocr.tesseract": {
        "type": "Project",
        "dependencies": {
          "Rtmd.Core": "[1.0.0, )",
          "Rtmd.Providers.Abstractions": "[1.0.0, )"
        }
      },
      "rtmd.providers.abstractions": {
        "type": "Project",
        "dependencies": {
          "Rtmd.Core": "[1.0.0, )"
        }
      }
    }
  }
}