{
  "version": 1,
  "dependencies": {
    "net10.0": {
      "docredock.core": {
        "type": "Project"
      },
      "docredock.providers.abstractions": {
        "type": "Project",
        "dependencies": {
          "DocRedock.Core": "[0.2.2, )"
        }
      },
      "docredock.visualinference": {
        "type": "Project",
        "dependencies": {
          "DocRedock.Core": "[0.2.2, )"
        }
      }
    },
    "net10.0/osx-arm64": {}
  }
}