{
  "version": 1,
  "dependencies": {
    "net10.0": {
      "rtmd.core": {
        "type": "Project"
      },
      "rtmd.markdown": {
        "type": "Project",
        "dependencies": {
          "Rtmd.Core": "[1.0.0, )",
          "Rtmd.Providers.Abstractions": "[1.0.0, )"
        }
      },
      "rtmd.providers.abstractions": {
        "type": "Project",
        "dependencies": {
          "Rtmd.Core": "[1.0.0, )"
        }
      }
    }
  }
}